
Microsoft Visual Studio Solution File, Format Version 12.00
# Visual Studio Version 16
VisualStudioVersion = 16.0.31005.135
MinimumVisualStudioVersion = 10.0.40219.1
Project("{FAE04EC0-301F-11D3-BF4B-00C04F79EFBC}") = "BuniRealEstates", "BuniRealEstates\BuniRealEstates.csproj", "{87FBBC33-A5FD-4347-AA90-022F48C0E87D}"
EndProject
Global
	GlobalSection(SolutionConfigurationPlatforms) = preSolution
		Debug|Any CPU = Debug|Any CPU
		Release|Any CPU = Release|Any CPU
	EndGlobalSection
	GlobalSection(ProjectConfigurationPlatforms) = postSolution
		{87FBBC33-A5FD-4347-AA90-022F48C0E87D}.Debug|Any CPU.ActiveCfg = Debug|Any CPU
		{87FBBC33-A5FD-4347-AA90-022F48C0E87D}.Debug|Any CPU.Build.0 = Debug|Any CPU
		{87FBBC33-A5FD-4347-AA90-022F48C0E87D}.Release|Any CPU.ActiveCfg = Release|Any CPU
		{87FBBC33-A5FD-4347-AA90-022F48C0E87D}.Release|Any CPU.Build.0 = Release|Any CPU
	EndGlobalSection
	GlobalSection(SolutionProperties) = preSolution
		HideSolutionNode = FALSE
	EndGlobalSection
	GlobalSection(ExtensibilityGlobals) = postSolution
		SolutionGuid = {E5683830-91F2-4406-8481-0BEFD231F0CD}
	EndGlobalSection
EndGlobal
